
Microsoft Visual Studio Solution File, Format Version 12.00
# Visual Studio 15
VisualStudioVersion = 15.0.28010.2026
MinimumVisualStudioVersion = 10.0.40219.1
Project("{FAE04EC0-301F-11D3-BF4B-00C04F79EFBC}") = "ParkSS", "ParkSS\ParkSS.csproj", "{3CBBA4BA-E3E3-472B-8721-6ABB8469B074}"
EndProject
Global
	GlobalSection(SolutionConfigurationPlatforms) = preSolution
		Debug|Any CPU = Debug|Any CPU
		Release|Any CPU = Release|Any CPU
	EndGlobalSection
	GlobalSection(ProjectConfigurationPlatforms) = postSolution
		{3CBBA4BA-E3E3-472B-8721-6ABB8469B074}.Debug|Any CPU.ActiveCfg = Debug|Any CPU
		{3CBBA4BA-E3E3-472B-8721-6ABB8469B074}.Debug|Any CPU.Build.0 = Debug|Any CPU
		{3CBBA4BA-E3E3-472B-8721-6ABB8469B074}.Release|Any CPU.ActiveCfg = Release|Any CPU
		{3CBBA4BA-E3E3-472B-8721-6ABB8469B074}.Release|Any CPU.Build.0 = Release|Any CPU
	EndGlobalSection
	GlobalSection(SolutionProperties) = preSolution
		HideSolutionNode = FALSE
	EndGlobalSection
	GlobalSection(ExtensibilityGlobals) = postSolution
		SolutionGuid = {A5EB5F44-3946-445E-9568-429388438569}
	EndGlobalSection
EndGlobal
